
Microsoft Visual Studio Solution File, Format Version 11.00
# Visual Studio 2010
Project("{FAE04EC0-301F-11D3-BF4B-00C04F79EFBC}") = "Assembly-CSharp", "Assembly-CSharp.csproj", "{FC28C1B5-C8F8-6074-FE54-5E282BAA934C}"
EndProject
Project("{FAE04EC0-301F-11D3-BF4B-00C04F79EFBC}") = "Assembly-CSharp-firstpass", "Assembly-CSharp-firstpass.csproj", "{199D5E6E-5D33-E343-A32E-535FA5EB7CA1}"
EndProject
Project("{FAE04EC0-301F-11D3-BF4B-00C04F79EFBC}") = "Assembly-CSharp-Editor-firstpass", "Assembly-CSharp-Editor-firstpass.csproj", "{A8A5C677-29DB-4183-701F-C1A32F9D3DEF}"
EndProject
Global
	GlobalSection(SolutionConfigurationPlatforms) = preSolution
		Debug|Any CPU = Debug|Any CPU
		Release|Any CPU = Release|Any CPU
	EndGlobalSection
	GlobalSection(ProjectConfigurationPlatforms) = postSolution
		{FC28C1B5-C8F8-6074-FE54-5E282BAA934C}.Debug|Any CPU.ActiveCfg = Debug|Any CPU
		{FC28C1B5-C8F8-6074-FE54-5E282BAA934C}.Debug|Any CPU.Build.0 = Debug|Any CPU
		{FC28C1B5-C8F8-6074-FE54-5E282BAA934C}.Release|Any CPU.ActiveCfg = Release|Any CPU
		{FC28C1B5-C8F8-6074-FE54-5E282BAA934C}.Release|Any CPU.Build.0 = Release|Any CPU
		{199D5E6E-5D33-E343-A32E-535FA5EB7CA1}.Debug|Any CPU.ActiveCfg = Debug|Any CPU
		{199D5E6E-5D33-E343-A32E-535FA5EB7CA1}.Debug|Any CPU.Build.0 = Debug|Any CPU
		{199D5E6E-5D33-E343-A32E-535FA5EB7CA1}.Release|Any CPU.ActiveCfg = Release|Any CPU
		{199D5E6E-5D33-E343-A32E-535FA5EB7CA1}.Release|Any CPU.Build.0 = Release|Any CPU
		{A8A5C677-29DB-4183-701F-C1A32F9D3DEF}.Debug|Any CPU.ActiveCfg = Debug|Any CPU
		{A8A5C677-29DB-4183-701F-C1A32F9D3DEF}.Debug|Any CPU.Build.0 = Debug|Any CPU
		{A8A5C677-29DB-4183-701F-C1A32F9D3DEF}.Release|Any CPU.ActiveCfg = Release|Any CPU
		{A8A5C677-29DB-4183-701F-C1A32F9D3DEF}.Release|Any CPU.Build.0 = Release|Any CPU
	EndGlobalSection
	GlobalSection(SolutionProperties) = preSolution
		HideSolutionNode = FALSE
	EndGlobalSection
EndGlobal
